
Microsoft Visual Studio Solution File, Format Version 12.00
# Visual Studio Version 17
VisualStudioVersion = 17.0.31903.59
MinimumVisualStudioVersion = 10.0.40219.1
Project("{2150E333-8FDC-42A3-9474-1A3956D46DE8}") = "acmeat-be", "acmeat-be", "{B72FCF21-21D5-4A7D-ACD5-C2FA4FDC93E9}"
EndProject
Project("{2150E333-8FDC-42A3-9474-1A3956D46DE8}") = "api", "api", "{3EEC197C-C1D0-490A-92A5-3C567C2B264C}"
EndProject
Project("{FAE04EC0-301F-11D3-BF4B-00C04F79EFBC}") = "apiuser", "acmeat-be\api\acmeat.apiuser\apiuser.csproj", "{2F498B0C-1657-441D-BEBF-84172FEB5861}"
EndProject
Project("{FAE04EC0-301F-11D3-BF4B-00C04F79EFBC}") = "apiorder", "acmeat-be\api\acmeat.apiorder\apiorder.csproj", "{741A1E82-2528-4E78-9E1F-573E8361DFC4}"
EndProject
Project("{FAE04EC0-301F-11D3-BF4B-00C04F79EFBC}") = "acmeat.db.client", "acmeat-db\acmeat.db.client.csproj", "{8E3D0E68-3A0F-43EA-83ED-688EAE57F5A5}"
EndProject
Project("{2150E333-8FDC-42A3-9474-1A3956D46DE8}") = "server", "server", "{3FEF62B6-3383-4E23-B33F-DC0B33F3FE96}"
EndProject
Project("{2150E333-8FDC-42A3-9474-1A3956D46DE8}") = "acmeat.domains.order", "acmeat.domains.order", "{BC153998-0DF4-4698-A3CA-4589B5188741}"
EndProject
Project("{FAE04EC0-301F-11D3-BF4B-00C04F79EFBC}") = "acmeat.domains.order.models", "acmeat-be\server\acmeat.domains.order\acmeat.domains.order.models\acmeat.domains.order.models.csproj", "{E260B64F-04FA-431F-90E3-EA2C4D97CD84}"
EndProject
Project("{FAE04EC0-301F-11D3-BF4B-00C04F79EFBC}") = "acmeat.domains.order.dataproxy", "acmeat-be\server\acmeat.domains.order\acmeat.domains.order.dataproxy\acmeat.domains.order.dataproxy.csproj", "{11804883-7E41-4644-932A-A50F33C5729B}"
EndProject
Project("{FAE04EC0-301F-11D3-BF4B-00C04F79EFBC}") = "ordermanager", "acmeat-be\server\acmeat.domains.order\ordermanager.csproj", "{337357A1-BFEF-4298-8822-D9C7EA204DB3}"
EndProject
Project("{FAE04EC0-301F-11D3-BF4B-00C04F79EFBC}") = "usermanager", "acmeat-be\server\acmeat.domains.user\usermanager.csproj", "{F19F9595-70D4-44B5-99A2-3599B539B9C7}"
EndProject
Project("{FAE04EC0-301F-11D3-BF4B-00C04F79EFBC}") = "localmanager", "acmeat-be\server\acmeat.domains.locals\localmanager.csproj", "{24523165-0A93-4797-8B3A-F4512ED768E9}"
EndProject
Project("{FAE04EC0-301F-11D3-BF4B-00C04F79EFBC}") = "apilocal", "acmeat-be\api\acmeat.apilocal\apilocal.csproj", "{B18F4FA2-878A-46C7-B204-7E417CD34DA8}"
EndProject
Project("{FAE04EC0-301F-11D3-BF4B-00C04F79EFBC}") = "menumanager", "acmeat-be\server\acmeat.domains.menu\menumanager.csproj", "{8A5B73B1-1D08-4CD9-B9E2-2D971607B96C}"
EndProject
Project("{FAE04EC0-301F-11D3-BF4B-00C04F79EFBC}") = "apimenu", "acmeat-be\api\acmeat.apimenu\apimenu.csproj", "{56912C9D-16BD-4A54-AB72-959978CF9CA8}"
EndProject
Project("{FAE04EC0-301F-11D3-BF4B-00C04F79EFBC}") = "deliverycompanymanager", "acmeat-be\server\acmeat.domains.deliverycompany\deliverycompanymanager.csproj", "{88AF9406-0F63-4A11-899A-CB8FE2B2A852}"
EndProject
Project("{FAE04EC0-301F-11D3-BF4B-00C04F79EFBC}") = "apideliverycompany", "acmeat-be\api\acmeat.apideliverycompany\apideliverycompany.csproj", "{0B155E6B-C945-40D7-A20A-7B466E12109B}"
EndProject
Global
	GlobalSection(SolutionConfigurationPlatforms) = preSolution
		Debug|Any CPU = Debug|Any CPU
		Release|Any CPU = Release|Any CPU
	EndGlobalSection
	GlobalSection(SolutionProperties) = preSolution
		HideSolutionNode = FALSE
	EndGlobalSection
	GlobalSection(ProjectConfigurationPlatforms) = postSolution
		{2F498B0C-1657-441D-BEBF-84172FEB5861}.Debug|Any CPU.ActiveCfg = Debug|Any CPU
		{2F498B0C-1657-441D-BEBF-84172FEB5861}.Debug|Any CPU.Build.0 = Debug|Any CPU
		{2F498B0C-1657-441D-BEBF-84172FEB5861}.Release|Any CPU.ActiveCfg = Release|Any CPU
		{2F498B0C-1657-441D-BEBF-84172FEB5861}.Release|Any CPU.Build.0 = Release|Any CPU
		{741A1E82-2528-4E78-9E1F-573E8361DFC4}.Debug|Any CPU.ActiveCfg = Debug|Any CPU
		{741A1E82-2528-4E78-9E1F-573E8361DFC4}.Debug|Any CPU.Build.0 = Debug|Any CPU
		{741A1E82-2528-4E78-9E1F-573E8361DFC4}.Release|Any CPU.ActiveCfg = Release|Any CPU
		{741A1E82-2528-4E78-9E1F-573E8361DFC4}.Release|Any CPU.Build.0 = Release|Any CPU
		{8E3D0E68-3A0F-43EA-83ED-688EAE57F5A5}.Debug|Any CPU.ActiveCfg = Debug|Any CPU
		{8E3D0E68-3A0F-43EA-83ED-688EAE57F5A5}.Debug|Any CPU.Build.0 = Debug|Any CPU
		{8E3D0E68-3A0F-43EA-83ED-688EAE57F5A5}.Release|Any CPU.ActiveCfg = Release|Any CPU
		{8E3D0E68-3A0F-43EA-83ED-688EAE57F5A5}.Release|Any CPU.Build.0 = Release|Any CPU
		{341FA618-C9C3-4D07-830D-45AC860F20F3}.Debug|Any CPU.ActiveCfg = Debug|Any CPU
		{341FA618-C9C3-4D07-830D-45AC860F20F3}.Debug|Any CPU.Build.0 = Debug|Any CPU
		{341FA618-C9C3-4D07-830D-45AC860F20F3}.Release|Any CPU.ActiveCfg = Release|Any CPU
		{341FA618-C9C3-4D07-830D-45AC860F20F3}.Release|Any CPU.Build.0 = Release|Any CPU
		{1B944CA5-843C-4422-A591-E200A6C1D91A}.Debug|Any CPU.ActiveCfg = Debug|Any CPU
		{1B944CA5-843C-4422-A591-E200A6C1D91A}.Debug|Any CPU.Build.0 = Debug|Any CPU
		{1B944CA5-843C-4422-A591-E200A6C1D91A}.Release|Any CPU.ActiveCfg = Release|Any CPU
		{1B944CA5-843C-4422-A591-E200A6C1D91A}.Release|Any CPU.Build.0 = Release|Any CPU
		{E260B64F-04FA-431F-90E3-EA2C4D97CD84}.Debug|Any CPU.ActiveCfg = Debug|Any CPU
		{E260B64F-04FA-431F-90E3-EA2C4D97CD84}.Debug|Any CPU.Build.0 = Debug|Any CPU
		{E260B64F-04FA-431F-90E3-EA2C4D97CD84}.Release|Any CPU.ActiveCfg = Release|Any CPU
		{E260B64F-04FA-431F-90E3-EA2C4D97CD84}.Release|Any CPU.Build.0 = Release|Any CPU
		{11804883-7E41-4644-932A-A50F33C5729B}.Debug|Any CPU.ActiveCfg = Debug|Any CPU
		{11804883-7E41-4644-932A-A50F33C5729B}.Debug|Any CPU.Build.0 = Debug|Any CPU
		{11804883-7E41-4644-932A-A50F33C5729B}.Release|Any CPU.ActiveCfg = Release|Any CPU
		{11804883-7E41-4644-932A-A50F33C5729B}.Release|Any CPU.Build.0 = Release|Any CPU
		{337357A1-BFEF-4298-8822-D9C7EA204DB3}.Debug|Any CPU.ActiveCfg = Debug|Any CPU
		{337357A1-BFEF-4298-8822-D9C7EA204DB3}.Debug|Any CPU.Build.0 = Debug|Any CPU
		{337357A1-BFEF-4298-8822-D9C7EA204DB3}.Release|Any CPU.ActiveCfg = Release|Any CPU
		{337357A1-BFEF-4298-8822-D9C7EA204DB3}.Release|Any CPU.Build.0 = Release|Any CPU
		{F19F9595-70D4-44B5-99A2-3599B539B9C7}.Debug|Any CPU.ActiveCfg = Debug|Any CPU
		{F19F9595-70D4-44B5-99A2-3599B539B9C7}.Debug|Any CPU.Build.0 = Debug|Any CPU
		{F19F9595-70D4-44B5-99A2-3599B539B9C7}.Release|Any CPU.ActiveCfg = Release|Any CPU
		{F19F9595-70D4-44B5-99A2-3599B539B9C7}.Release|Any CPU.Build.0 = Release|Any CPU
		{24523165-0A93-4797-8B3A-F4512ED768E9}.Debug|Any CPU.ActiveCfg = Debug|Any CPU
		{24523165-0A93-4797-8B3A-F4512ED768E9}.Debug|Any CPU.Build.0 = Debug|Any CPU
		{24523165-0A93-4797-8B3A-F4512ED768E9}.Release|Any CPU.ActiveCfg = Release|Any CPU
		{24523165-0A93-4797-8B3A-F4512ED768E9}.Release|Any CPU.Build.0 = Release|Any CPU
		{B18F4FA2-878A-46C7-B204-7E417CD34DA8}.Debug|Any CPU.ActiveCfg = Debug|Any CPU
		{B18F4FA2-878A-46C7-B204-7E417CD34DA8}.Debug|Any CPU.Build.0 = Debug|Any CPU
		{B18F4FA2-878A-46C7-B204-7E417CD34DA8}.Release|Any CPU.ActiveCfg = Release|Any CPU
		{B18F4FA2-878A-46C7-B204-7E417CD34DA8}.Release|Any CPU.Build.0 = Release|Any CPU
		{8A5B73B1-1D08-4CD9-B9E2-2D971607B96C}.Debug|Any CPU.ActiveCfg = Debug|Any CPU
		{8A5B73B1-1D08-4CD9-B9E2-2D971607B96C}.Debug|Any CPU.Build.0 = Debug|Any CPU
		{8A5B73B1-1D08-4CD9-B9E2-2D971607B96C}.Release|Any CPU.ActiveCfg = Release|Any CPU
		{8A5B73B1-1D08-4CD9-B9E2-2D971607B96C}.Release|Any CPU.Build.0 = Release|Any CPU
		{56912C9D-16BD-4A54-AB72-959978CF9CA8}.Debug|Any CPU.ActiveCfg = Debug|Any CPU
		{56912C9D-16BD-4A54-AB72-959978CF9CA8}.Debug|Any CPU.Build.0 = Debug|Any CPU
		{56912C9D-16BD-4A54-AB72-959978CF9CA8}.Release|Any CPU.ActiveCfg = Release|Any CPU
		{56912C9D-16BD-4A54-AB72-959978CF9CA8}.Release|Any CPU.Build.0 = Release|Any CPU
		{88AF9406-0F63-4A11-899A-CB8FE2B2A852}.Debug|Any CPU.ActiveCfg = Debug|Any CPU
		{88AF9406-0F63-4A11-899A-CB8FE2B2A852}.Debug|Any CPU.Build.0 = Debug|Any CPU
		{88AF9406-0F63-4A11-899A-CB8FE2B2A852}.Release|Any CPU.ActiveCfg = Release|Any CPU
		{88AF9406-0F63-4A11-899A-CB8FE2B2A852}.Release|Any CPU.Build.0 = Release|Any CPU
		{0B155E6B-C945-40D7-A20A-7B466E12109B}.Debug|Any CPU.ActiveCfg = Debug|Any CPU
		{0B155E6B-C945-40D7-A20A-7B466E12109B}.Debug|Any CPU.Build.0 = Debug|Any CPU
		{0B155E6B-C945-40D7-A20A-7B466E12109B}.Release|Any CPU.ActiveCfg = Release|Any CPU
		{0B155E6B-C945-40D7-A20A-7B466E12109B}.Release|Any CPU.Build.0 = Release|Any CPU
	EndGlobalSection
	GlobalSection(NestedProjects) = preSolution
		{3EEC197C-C1D0-490A-92A5-3C567C2B264C} = {B72FCF21-21D5-4A7D-ACD5-C2FA4FDC93E9}
		{2F498B0C-1657-441D-BEBF-84172FEB5861} = {3EEC197C-C1D0-490A-92A5-3C567C2B264C}
		{741A1E82-2528-4E78-9E1F-573E8361DFC4} = {3EEC197C-C1D0-490A-92A5-3C567C2B264C}
		{3FEF62B6-3383-4E23-B33F-DC0B33F3FE96} = {B72FCF21-21D5-4A7D-ACD5-C2FA4FDC93E9}
		{BC153998-0DF4-4698-A3CA-4589B5188741} = {3FEF62B6-3383-4E23-B33F-DC0B33F3FE96}
		{E260B64F-04FA-431F-90E3-EA2C4D97CD84} = {BC153998-0DF4-4698-A3CA-4589B5188741}
		{11804883-7E41-4644-932A-A50F33C5729B} = {BC153998-0DF4-4698-A3CA-4589B5188741}
		{337357A1-BFEF-4298-8822-D9C7EA204DB3} = {3FEF62B6-3383-4E23-B33F-DC0B33F3FE96}
		{F19F9595-70D4-44B5-99A2-3599B539B9C7} = {3FEF62B6-3383-4E23-B33F-DC0B33F3FE96}
		{24523165-0A93-4797-8B3A-F4512ED768E9} = {3FEF62B6-3383-4E23-B33F-DC0B33F3FE96}
		{B18F4FA2-878A-46C7-B204-7E417CD34DA8} = {3EEC197C-C1D0-490A-92A5-3C567C2B264C}
		{8A5B73B1-1D08-4CD9-B9E2-2D971607B96C} = {3FEF62B6-3383-4E23-B33F-DC0B33F3FE96}
		{56912C9D-16BD-4A54-AB72-959978CF9CA8} = {3EEC197C-C1D0-490A-92A5-3C567C2B264C}
		{88AF9406-0F63-4A11-899A-CB8FE2B2A852} = {3FEF62B6-3383-4E23-B33F-DC0B33F3FE96}
		{0B155E6B-C945-40D7-A20A-7B466E12109B} = {3EEC197C-C1D0-490A-92A5-3C567C2B264C}
	EndGlobalSection
EndGlobal
